
Microsoft Visual Studio Solution File, Format Version 12.00
# Visual Studio Version 17
VisualStudioVersion = 17.5.2.0
MinimumVisualStudioVersion = 10.0.40219.1
Project("{2150E333-8FDC-42A3-9474-1A3956D46DE8}") = "src", "src", "{827E0CD3-B72D-47B6-A68D-7590B98EB39B}"
EndProject
Project("{FAE04EC0-301F-11D3-BF4B-00C04F79EFBC}") = "Orchestrator.Worker", "src\Orchestrator.Worker.csproj", "{450E0FDC-3671-4BC9-B11A-FFA7856F4674}"
EndProject
Project("{FAE04EC0-301F-11D3-BF4B-00C04F79EFBC}") = "Orchestrator.Domain", "src\Orchestrator.Domain\Orchestrator.Domain.csproj", "{7AF9C5B8-0691-4A99-8D18-3032EABD9324}"
EndProject
Project("{FAE04EC0-301F-11D3-BF4B-00C04F79EFBC}") = "Orchestrator.Application", "src\Orchestrator.Application\Orchestrator.Application.csproj", "{2C62545F-F435-4F18-A425-0086DEB3DEEE}"
EndProject
Project("{FAE04EC0-301F-11D3-BF4B-00C04F79EFBC}") = "Orchestrator.Infrastructure", "src\Orchestrator.Infrastructure\Orchestrator.Infrastructure.csproj", "{78C65AD1-5B92-4C61-9167-DDD98B1A5D84}"
EndProject
Project("{2150E333-8FDC-42A3-9474-1A3956D46DE8}") = "tests", "tests", "{0AB3BF05-4346-4AA6-1389-037BE0695223}"
EndProject
Project("{2150E333-8FDC-42A3-9474-1A3956D46DE8}") = "UnitTests", "UnitTests", "{394A81D9-3C45-9818-BB26-23F2B85056FF}"
EndProject
Project("{2150E333-8FDC-42A3-9474-1A3956D46DE8}") = "Application", "Application", "{741CD427-2C95-2A1D-C920-0625E51A262D}"
EndProject
Project("{FAE04EC0-301F-11D3-BF4B-00C04F79EFBC}") = "Orchestrator.UnitTests.Application", "tests\UnitTests\Application\Orchestrator.UnitTests.Application.csproj", "{038F6811-2AFC-4DA0-82A2-18C7187E04C7}"
EndProject
Project("{2150E333-8FDC-42A3-9474-1A3956D46DE8}") = "Infrastructure", "Infrastructure", "{CEFE7916-9D27-E05E-44CA-8F298EFE6349}"
EndProject
Project("{FAE04EC0-301F-11D3-BF4B-00C04F79EFBC}") = "Orchestrator.UnitTests.Infrastructure", "tests\UnitTests\Infrastructure\Orchestrator.UnitTests.Infrastructure.csproj", "{128607BA-DE38-4430-AEFE-041DA56D15E5}"
EndProject
Project("{2150E333-8FDC-42A3-9474-1A3956D46DE8}") = "IntegrationTests", "IntegrationTests", "{30785934-E017-5D9F-2777-3D61460A5281}"
EndProject
Project("{FAE04EC0-301F-11D3-BF4B-00C04F79EFBC}") = "Orchestrator.IntegrationTests", "tests\IntegrationTests\Orchestrator.IntegrationTests.csproj", "{F825E8B5-6BE0-4B8F-B711-18D3075CC56A}"
EndProject
Global
	GlobalSection(SolutionConfigurationPlatforms) = preSolution
		Debug|Any CPU = Debug|Any CPU
		Debug|x64 = Debug|x64
		Debug|x86 = Debug|x86
		Release|Any CPU = Release|Any CPU
		Release|x64 = Release|x64
		Release|x86 = Release|x86
	EndGlobalSection
	GlobalSection(ProjectConfigurationPlatforms) = postSolution
		{450E0FDC-3671-4BC9-B11A-FFA7856F4674}.Debug|Any CPU.ActiveCfg = Debug|Any CPU
		{450E0FDC-3671-4BC9-B11A-FFA7856F4674}.Debug|Any CPU.Build.0 = Debug|Any CPU
		{450E0FDC-3671-4BC9-B11A-FFA7856F4674}.Debug|x64.ActiveCfg = Debug|Any CPU
		{450E0FDC-3671-4BC9-B11A-FFA7856F4674}.Debug|x64.Build.0 = Debug|Any CPU
		{450E0FDC-3671-4BC9-B11A-FFA7856F4674}.Debug|x86.ActiveCfg = Debug|Any CPU
		{450E0FDC-3671-4BC9-B11A-FFA7856F4674}.Debug|x86.Build.0 = Debug|Any CPU
		{450E0FDC-3671-4BC9-B11A-FFA7856F4674}.Release|Any CPU.ActiveCfg = Release|Any CPU
		{450E0FDC-3671-4BC9-B11A-FFA7856F4674}.Release|Any CPU.Build.0 = Release|Any CPU
		{450E0FDC-3671-4BC9-B11A-FFA7856F4674}.Release|x64.ActiveCfg = Release|Any CPU
		{450E0FDC-3671-4BC9-B11A-FFA7856F4674}.Release|x64.Build.0 = Release|Any CPU
		{450E0FDC-3671-4BC9-B11A-FFA7856F4674}.Release|x86.ActiveCfg = Release|Any CPU
		{450E0FDC-3671-4BC9-B11A-FFA7856F4674}.Release|x86.Build.0 = Release|Any CPU
		{7AF9C5B8-0691-4A99-8D18-3032EABD9324}.Debug|Any CPU.ActiveCfg = Debug|Any CPU
		{7AF9C5B8-0691-4A99-8D18-3032EABD9324}.Debug|Any CPU.Build.0 = Debug|Any CPU
		{7AF9C5B8-0691-4A99-8D18-3032EABD9324}.Debug|x64.ActiveCfg = Debug|Any CPU
		{7AF9C5B8-0691-4A99-8D18-3032EABD9324}.Debug|x64.Build.0 = Debug|Any CPU
		{7AF9C5B8-0691-4A99-8D18-3032EABD9324}.Debug|x86.ActiveCfg = Debug|Any CPU
		{7AF9C5B8-0691-4A99-8D18-3032EABD9324}.Debug|x86.Build.0 = Debug|Any CPU
		{7AF9C5B8-0691-4A99-8D18-3032EABD9324}.Release|Any CPU.ActiveCfg = Release|Any CPU
		{7AF9C5B8-0691-4A99-8D18-3032EABD9324}.Release|Any CPU.Build.0 = Release|Any CPU
		{7AF9C5B8-0691-4A99-8D18-3032EABD9324}.Release|x64.ActiveCfg = Release|Any CPU
		{7AF9C5B8-0691-4A99-8D18-3032EABD9324}.Release|x64.Build.0 = Release|Any CPU
		{7AF9C5B8-0691-4A99-8D18-3032EABD9324}.Release|x86.ActiveCfg = Release|Any CPU
		{7AF9C5B8-0691-4A99-8D18-3032EABD9324}.Release|x86.Build.0 = Release|Any CPU
		{2C62545F-F435-4F18-A425-0086DEB3DEEE}.Debug|Any CPU.ActiveCfg = Debug|Any CPU
		{2C62545F-F435-4F18-A425-0086DEB3DEEE}.Debug|Any CPU.Build.0 = Debug|Any CPU
		{2C62545F-F435-4F18-A425-0086DEB3DEEE}.Debug|x64.ActiveCfg = Debug|Any CPU
		{2C62545F-F435-4F18-A425-0086DEB3DEEE}.Debug|x64.Build.0 = Debug|Any CPU
		{2C62545F-F435-4F18-A425-0086DEB3DEEE}.Debug|x86.ActiveCfg = Debug|Any CPU
		{2C62545F-F435-4F18-A425-0086DEB3DEEE}.Debug|x86.Build.0 = Debug|Any CPU
		{2C62545F-F435-4F18-A425-0086DEB3DEEE}.Release|Any CPU.ActiveCfg = Release|Any CPU
		{2C62545F-F435-4F18-A425-0086DEB3DEEE}.Release|Any CPU.Build.0 = Release|Any CPU
		{2C62545F-F435-4F18-A425-0086DEB3DEEE}.Release|x64.ActiveCfg = Release|Any CPU
		{2C62545F-F435-4F18-A425-0086DEB3DEEE}.Release|x64.Build.0 = Release|Any CPU
		{2C62545F-F435-4F18-A425-0086DEB3DEEE}.Release|x86.ActiveCfg = Release|Any CPU
		{2C62545F-F435-4F18-A425-0086DEB3DEEE}.Release|x86.Build.0 = Release|Any CPU
		{78C65AD1-5B92-4C61-9167-DDD98B1A5D84}.Debug|Any CPU.ActiveCfg = Debug|Any CPU
		{78C65AD1-5B92-4C61-9167-DDD98B1A5D84}.Debug|Any CPU.Build.0 = Debug|Any CPU
		{78C65AD1-5B92-4C61-9167-DDD98B1A5D84}.Debug|x64.ActiveCfg = Debug|Any CPU
		{78C65AD1-5B92-4C61-9167-DDD98B1A5D84}.Debug|x64.Build.0 = Debug|Any CPU
		{78C65AD1-5B92-4C61-9167-DDD98B1A5D84}.Debug|x86.ActiveCfg = Debug|Any CPU
		{78C65AD1-5B92-4C61-9167-DDD98B1A5D84}.Debug|x86.Build.0 = Debug|Any CPU
		{78C65AD1-5B92-4C61-9167-DDD98B1A5D84}.Release|Any CPU.ActiveCfg = Release|Any CPU
		{78C65AD1-5B92-4C61-9167-DDD98B1A5D84}.Release|Any CPU.Build.0 = Release|Any CPU
		{78C65AD1-5B92-4C61-9167-DDD98B1A5D84}.Release|x64.ActiveCfg = Release|Any CPU
		{78C65AD1-5B92-4C61-9167-DDD98B1A5D84}.Release|x64.Build.0 = Release|Any CPU
		{78C65AD1-5B92-4C61-9167-DDD98B1A5D84}.Release|x86.ActiveCfg = Release|Any CPU
		{78C65AD1-5B92-4C61-9167-DDD98B1A5D84}.Release|x86.Build.0 = Release|Any CPU
		{038F6811-2AFC-4DA0-82A2-18C7187E04C7}.Debug|Any CPU.ActiveCfg = Debug|Any CPU
		{038F6811-2AFC-4DA0-82A2-18C7187E04C7}.Debug|Any CPU.Build.0 = Debug|Any CPU
		{038F6811-2AFC-4DA0-82A2-18C7187E04C7}.Debug|x64.ActiveCfg = Debug|Any CPU
		{038F6811-2AFC-4DA0-82A2-18C7187E04C7}.Debug|x64.Build.0 = Debug|Any CPU
		{038F6811-2AFC-4DA0-82A2-18C7187E04C7}.Debug|x86.ActiveCfg = Debug|Any CPU
		{038F6811-2AFC-4DA0-82A2-18C7187E04C7}.Debug|x86.Build.0 = Debug|Any CPU
		{038F6811-2AFC-4DA0-82A2-18C7187E04C7}.Release|Any CPU.ActiveCfg = Release|Any CPU
		{038F6811-2AFC-4DA0-82A2-18C7187E04C7}.Release|Any CPU.Build.0 = Release|Any CPU
		{038F6811-2AFC-4DA0-82A2-18C7187E04C7}.Release|x64.ActiveCfg = Release|Any CPU
		{038F6811-2AFC-4DA0-82A2-18C7187E04C7}.Release|x64.Build.0 = Release|Any CPU
		{038F6811-2AFC-4DA0-82A2-18C7187E04C7}.Release|x86.ActiveCfg = Release|Any CPU
		{038F6811-2AFC-4DA0-82A2-18C7187E04C7}.Release|x86.Build.0 = Release|Any CPU
		{128607BA-DE38-4430-AEFE-041DA56D15E5}.Debug|Any CPU.ActiveCfg = Debug|Any CPU
		{128607BA-DE38-4430-AEFE-041DA56D15E5}.Debug|Any CPU.Build.0 = Debug|Any CPU
		{128607BA-DE38-4430-AEFE-041DA56D15E5}.Debug|x64.ActiveCfg = Debug|Any CPU
		{128607BA-DE38-4430-AEFE-041DA56D15E5}.Debug|x64.Build.0 = Debug|Any CPU
		{128607BA-DE38-4430-AEFE-041DA56D15E5}.Debug|x86.ActiveCfg = Debug|Any CPU
		{128607BA-DE38-4430-AEFE-041DA56D15E5}.Debug|x86.Build.0 = Debug|Any CPU
		{128607BA-DE38-4430-AEFE-041DA56D15E5}.Release|Any CPU.ActiveCfg = Release|Any CPU
		{128607BA-DE38-4430-AEFE-041DA56D15E5}.Release|Any CPU.Build.0 = Release|Any CPU
		{128607BA-DE38-4430-AEFE-041DA56D15E5}.Release|x64.ActiveCfg = Release|Any CPU
		{128607BA-DE38-4430-AEFE-041DA56D15E5}.Release|x64.Build.0 = Release|Any CPU
		{128607BA-DE38-4430-AEFE-041DA56D15E5}.Release|x86.ActiveCfg = Release|Any CPU
		{128607BA-DE38-4430-AEFE-041DA56D15E5}.Release|x86.Build.0 = Release|Any CPU
		{F825E8B5-6BE0-4B8F-B711-18D3075CC56A}.Debug|Any CPU.ActiveCfg = Debug|Any CPU
		{F825E8B5-6BE0-4B8F-B711-18D3075CC56A}.Debug|Any CPU.Build.0 = Debug|Any CPU
		{F825E8B5-6BE0-4B8F-B711-18D3075CC56A}.Debug|x64.ActiveCfg = Debug|Any CPU
		{F825E8B5-6BE0-4B8F-B711-18D3075CC56A}.Debug|x64.Build.0 = Debug|Any CPU
		{F825E8B5-6BE0-4B8F-B711-18D3075CC56A}.Debug|x86.ActiveCfg = Debug|Any CPU
		{F825E8B5-6BE0-4B8F-B711-18D3075CC56A}.Debug|x86.Build.0 = Debug|Any CPU
		{F825E8B5-6BE0-4B8F-B711-18D3075CC56A}.Release|Any CPU.ActiveCfg = Release|Any CPU
		{F825E8B5-6BE0-4B8F-B711-18D3075CC56A}.Release|Any CPU.Build.0 = Release|Any CPU
		{F825E8B5-6BE0-4B8F-B711-18D3075CC56A}.Release|x64.ActiveCfg = Release|Any CPU
		{F825E8B5-6BE0-4B8F-B711-18D3075CC56A}.Release|x64.Build.0 = Release|Any CPU
		{F825E8B5-6BE0-4B8F-B711-18D3075CC56A}.Release|x86.ActiveCfg = Release|Any CPU
		{F825E8B5-6BE0-4B8F-B711-18D3075CC56A}.Release|x86.Build.0 = Release|Any CPU
	EndGlobalSection
	GlobalSection(SolutionProperties) = preSolution
		HideSolutionNode = FALSE
	EndGlobalSection
	GlobalSection(NestedProjects) = preSolution
		{450E0FDC-3671-4BC9-B11A-FFA7856F4674} = {827E0CD3-B72D-47B6-A68D-7590B98EB39B}
		{7AF9C5B8-0691-4A99-8D18-3032EABD9324} = {827E0CD3-B72D-47B6-A68D-7590B98EB39B}
		{2C62545F-F435-4F18-A425-0086DEB3DEEE} = {827E0CD3-B72D-47B6-A68D-7590B98EB39B}
		{78C65AD1-5B92-4C61-9167-DDD98B1A5D84} = {827E0CD3-B72D-47B6-A68D-7590B98EB39B}
		{394A81D9-3C45-9818-BB26-23F2B85056FF} = {0AB3BF05-4346-4AA6-1389-037BE0695223}
		{741CD427-2C95-2A1D-C920-0625E51A262D} = {394A81D9-3C45-9818-BB26-23F2B85056FF}
		{038F6811-2AFC-4DA0-82A2-18C7187E04C7} = {741CD427-2C95-2A1D-C920-0625E51A262D}
		{CEFE7916-9D27-E05E-44CA-8F298EFE6349} = {394A81D9-3C45-9818-BB26-23F2B85056FF}
		{128607BA-DE38-4430-AEFE-041DA56D15E5} = {CEFE7916-9D27-E05E-44CA-8F298EFE6349}
		{30785934-E017-5D9F-2777-3D61460A5281} = {0AB3BF05-4346-4AA6-1389-037BE0695223}
		{F825E8B5-6BE0-4B8F-B711-18D3075CC56A} = {30785934-E017-5D9F-2777-3D61460A5281}
	EndGlobalSection
	GlobalSection(ExtensibilityGlobals) = postSolution
		SolutionGuid = {795B4D68-0809-4046-974A-19B1F6A50CC2}
	EndGlobalSection
EndGlobal
